// !$*UTF8*$!
{
	archiveVersion = 1;
	classes = {
	};
	objectVersion = 46;
	objects = {

/* Begin PBXBuildFile section */
		317689C51C54D24A00FE62FA /* AppDelegate.swift in Sources */ = {isa = PBXBuildFile; fileRef = 317689C41C54D24A00FE62FA /* AppDelegate.swift */; };
		317689C71C54D24A00FE62FA /* ViewController.swift in Sources */ = {isa = PBXBuildFile; fileRef = 317689C61C54D24A00FE62FA /* ViewController.swift */; };
		317689CA1C54D24A00FE62FA /* Main.storyboard in Resources */ = {isa = PBXBuildFile; fileRef = 317689C81C54D24A00FE62FA /* Main.storyboard */; };
		317689CD1C54D24A00FE62FA /* tableview.xcdatamodeld in Sources */ = {isa = PBXBuildFile; fileRef = 317689CB1C54D24A00FE62FA /* tableview.xcdatamodeld */; };
		317689CF1C54D24A00FE62FA /* Assets.xcassets in Resources */ = {isa = PBXBuildFile; fileRef = 317689CE1C54D24A00FE62FA /* Assets.xcassets */; };
		317689D21C54D24A00FE62FA /* LaunchScreen.storyboard in Resources */ = {isa = PBXBuildFile; fileRef = 317689D01C54D24A00FE62FA /* LaunchScreen.storyboard */; };
		317689DD1C54D24A00FE62FA /* tableviewTests.swift in Sources */ = {isa = PBXBuildFile; fileRef = 317689DC1C54D24A00FE62FA /* tableviewTests.swift */; };
		317689E81C54D24A00FE62FA /* tableviewUITests.swift in Sources */ = {isa = PBXBuildFile; fileRef = 317689E71C54D24A00FE62FA /* tableviewUITests.swift */; };
/* End PBXBuildFile section */

/* Begin PBXContainerItemProxy section */
		317689D91C54D24A00FE62FA /* PBXContainerItemProxy */ = {
			isa = PBXContainerItemProxy;
			containerPortal = 317689B91C54D24A00FE62FA /* Project object */;
			proxyType = 1;
			remoteGlobalIDString = 317689C01C54D24A00FE62FA;
			remoteInfo = tableview;
		};
		317689E41C54D24A00FE62FA /* PBXContainerItemProxy */ = {
			isa = PBXContainerItemProxy;
			containerPortal = 317689B91C54D24A00FE62FA /* Project object */;
			proxyType = 1;
			remoteGlobalIDString = 317689C01C54D24A00FE62FA;
			remoteInfo = tableview;
		};
/* End PBXContainerItemProxy section */

/* Begin PBXFileReference section */
		317689C11C54D24A00FE62FA /* tableview.app */ = {isa = PBXFileReference; explicitFileType = wrapper.application; includeInIndex = 0; path = tableview.app; sourceTree = BUILT_PRODUCTS_DIR; };
		317689C41C54D24A00FE62FA /* AppDelegate.swift */ = {isa = PBXFileReference; lastKnownFileType = sourcecode.swift; path = AppDelegate.swift; sourceTree = "<group>"; };
		317689C61C54D24A00FE62FA /* ViewController.swift */ = {isa = PBXFileReference; lastKnownFileType = sourcecode.swift; path = ViewController.swift; sourceTree = "<group>"; };
		317689C91C54D24A00FE62FA /* Base */ = {isa = PBXFileReference; lastKnownFileType = file.storyboard; name = Base; path = Base.lproj/Main.storyboard; sourceTree = "<group>"; };
		317689CC1C54D24A00FE62FA /* tableview.xcdatamodel */ = {isa = PBXFileReference; lastKnownFileType = wrapper.xcdatamodel; path = tableview.xcdatamodel; sourceTree = "<group>"; };
		317689CE1C54D24A00FE62FA /* Assets.xcassets */ = {isa = PBXFileReference; lastKnownFileType = folder.assetcatalog; path = Assets.xcassets; sourceTree = "<group>"; };
		317689D11C54D24A00FE62FA /* Base */ = {isa = PBXFileReference; lastKnownFileType = file.storyboard; name = Base; path = Base.lproj/LaunchScreen.storyboard; sourceTree = "<group>"; };
		317689D31C54D24A00FE62FA /* Info.plist */ = {isa = PBXFileReference; lastKnownFileType = text.plist.xml; path = Info.plist; sourceTree = "<group>"; };
		317689D81C54D24A00FE62FA /* tableviewTests.xctest */ = {isa = PBXFileReference; explicitFileType = wrapper.cfbundle; includeInIndex = 0; path = tableviewTests.xctest; sourceTree = BUILT_PRODUCTS_DIR; };
		317689DC1C54D24A00FE62FA /* tableviewTests.swift */ = {isa = PBXFileReference; lastKnownFileType = sourcecode.swift; path = tableviewTests.swift; sourceTree = "<group>"; };
		317689DE1C54D24A00FE62FA /* Info.plist */ = {isa = PBXFileReference; lastKnownFileType = text.plist.xml; path = Info.plist; sourceTree = "<group>"; };
		317689E31C54D24A00FE62FA /* tableviewUITests.xctest */ = {isa = PBXFileReference; explicitFileType = wrapper.cfbundle; includeInIndex = 0; path = tableviewUITests.xctest; sourceTree = BUILT_PRODUCTS_DIR; };
		317689E71C54D24A00FE62FA /* tableviewUITests.swift */ = {isa = PBXFileReference; lastKnownFileType = sourcecode.swift; path = tableviewUITests.swift; sourceTree = "<group>"; };
		317689E91C54D24A00FE62FA /* Info.plist */ = {isa = PBXFileReference; lastKnownFileType = text.plist.xml; path = Info.plist; sourceTree = "<group>"; };
/* End PBXFileReference section */

/* Begin PBXFrameworksBuildPhase section */
		317689BE1C54D24A00FE62FA /* Frameworks */ = {
			isa = PBXFrameworksBuildPhase;
			buildActionMask = 2147483647;
			files = (
			);
			runOnlyForDeploymentPostprocessing = 0;
		};
		317689D51C54D24A00FE62FA /* Frameworks */ = {
			isa = PBXFrameworksBuildPhase;
			buildActionMask = 2147483647;
			files = (
			);
			runOnlyForDeploymentPostprocessing = 0;
		};
		317689E01C54D24A00FE62FA /* Frameworks */ = {
			isa = PBXFrameworksBuildPhase;
			buildActionMask = 2147483647;
			files = (
			);
			runOnlyForDeploymentPostprocessing = 0;
		};
/* End PBXFrameworksBuildPhase section */

/* Begin PBXGroup section */
		317689B81C54D24A00FE62FA = {
			isa = PBXGroup;
			children = (
				317689C31C54D24A00FE62FA /* tableview */,
				317689DB1C54D24A00FE62FA /* tableviewTests */,
				317689E61C54D24A00FE62FA /* tableviewUITests */,
				317689C21C54D24A00FE62FA /* Products */,
			);
			sourceTree = "<group>";
		};
		317689C21C54D24A00FE62FA /* Products */ = {
			isa = PBXGroup;
			children = (
				317689C11C54D24A00FE62FA /* tableview.app */,
				317689D81C54D24A00FE62FA /* tableviewTests.xctest */,
				317689E31C54D24A00FE62FA /* tableviewUITests.xctest */,
			);
			name = Products;
			sourceTree = "<group>";
		};
		317689C31C54D24A00FE62FA /* tableview */ = {
			isa = PBXGroup;
			children = (
				317689C41C54D24A00FE62FA /* AppDelegate.swift */,
				317689C61C54D24A00FE62FA /* ViewController.swift */,
				317689C81C54D24A00FE62FA /* Main.storyboard */,
				317689CE1C54D24A00FE62FA /* Assets.xcassets */,
				317689D01C54D24A00FE62FA /* LaunchScreen.storyboard */,
				317689D31C54D24A00FE62FA /* Info.plist */,
				317689CB1C54D24A00FE62FA /* tableview.xcdatamodeld */,
			);
			path = tableview;
			sourceTree = "<group>";
		};
		317689DB1C54D24A00FE62FA /* tableviewTests */ = {
			isa = PBXGroup;
			children = (
				317689DC1C54D24A00FE62FA /* tableviewTests.swift */,
				317689DE1C54D24A00FE62FA /* Info.plist */,
			);
			path = tableviewTests;
			sourceTree = "<group>";
		};
		317689E61C54D24A00FE62FA /* tableviewUITests */ = {
			isa = PBXGroup;
			children = (
				317689E71C54D24A00FE62FA /* tableviewUITests.swift */,
				317689E91C54D24A00FE62FA /* Info.plist */,
			);
			path = tableviewUITests;
			sourceTree = "<group>";
		};
/* End PBXGroup section */

/* Begin PBXNativeTarget section */
		317689C01C54D24A00FE62FA /* tableview */ = {
			isa = PBXNativeTarget;
			buildConfigurationList = 317689EC1C54D24A00FE62FA /* Build configuration list for PBXNativeTarget "tableview" */;
			buildPhases = (
				317689BD1C54D24A00FE62FA /* Sources */,
				317689BE1C54D24A00FE62FA /* Frameworks */,
				317689BF1C54D24A00FE62FA /* Resources */,
			);
			buildRules = (
			);
			dependencies = (
			);
			name = tableview;
			productName = tableview;
			productReference = 317689C11C54D24A00FE62FA /* tableview.app */;
			productType = "com.apple.product-type.application";
		};
		317689D71C54D24A00FE62FA /* tableviewTests */ = {
			isa = PBXNativeTarget;
			buildConfigurationList = 317689EF1C54D24A00FE62FA /* Build configuration list for PBXNativeTarget "tableviewTests" */;
			buildPhases = (
				317689D41C54D24A00FE62FA /* Sources */,
				317689D51C54D24A00FE62FA /* Frameworks */,
				317689D61C54D24A00FE62FA /* Resources */,
			);
			buildRules = (
			);
			dependencies = (
				317689DA1C54D24A00FE62FA /* PBXTargetDependency */,
			);
			name = tableviewTests;
			productName = tableviewTests;
			productReference = 317689D81C54D24A00FE62FA /* tableviewTests.xctest */;
			productType = "com.apple.product-type.bundle.unit-test";
		};
		317689E21C54D24A00FE62FA /* tableviewUITests */ = {
			isa = PBXNativeTarget;
			buildConfigurationList = 317689F21C54D24A00FE62FA /* Build configuration list for PBXNativeTarget "tableviewUITests" */;
			buildPhases = (
				317689DF1C54D24A00FE62FA /* Sources */,
				317689E01C54D24A00FE62FA /* Frameworks */,
				317689E11C54D24A00FE62FA /* Resources */,
			);
			buildRules = (
			);
			dependencies = (
				317689E51C54D24A00FE62FA /* PBXTargetDependency */,
			);
			name = tableviewUITests;
			productName = tableviewUITests;
			productReference = 317689E31C54D24A00FE62FA /* tableviewUITests.xctest */;
			productType = "com.apple.product-type.bundle.ui-testing";
		};
/* End PBXNativeTarget section */

/* Begin PBXProject section */
		317689B91C54D24A00FE62FA /* Project object */ = {
			isa = PBXProject;
			attributes = {
				LastSwiftUpdateCheck = 0720;
				LastUpgradeCheck = 0720;
				ORGANIZATIONNAME = "Phatthana Tongon";
				TargetAttributes = {
					317689C01C54D24A00FE62FA = {
						CreatedOnToolsVersion = 7.2;
					};
					317689D71C54D24A00FE62FA = {
						CreatedOnToolsVersion = 7.2;
						TestTargetID = 317689C01C54D24A00FE62FA;
					};
					317689E21C54D24A00FE62FA = {
						CreatedOnToolsVersion = 7.2;
						TestTargetID = 317689C01C54D24A00FE62FA;
					};
				};
			};
			buildConfigurationList = 317689BC1C54D24A00FE62FA /* Build configuration list for PBXProject "tableview" */;
			compatibilityVersion = "Xcode 3.2";
			developmentRegion = English;
			hasScannedForEncodings = 0;
			knownRegions = (
				en,
				Base,
			);
			mainGroup = 317689B81C54D24A00FE62FA;
			productRefGroup = 317689C21C54D24A00FE62FA /* Products */;
			projectDirPath = "";
			projectRoot = "";
			targets = (
				317689C01C54D24A00FE62FA /* tableview */,
				317689D71C54D24A00FE62FA /* tableviewTests */,
				317689E21C54D24A00FE62FA /* tableviewUITests */,
			);
		};
/* End PBXProject section */

/* Begin PBXResourcesBuildPhase section */
		317689BF1C54D24A00FE62FA /* Resources */ = {
			isa = PBXResourcesBuildPhase;
			buildActionMask = 2147483647;
			files = (
				317689D21C54D24A00FE62FA /* LaunchScreen.storyboard in Resources */,
				317689CF1C54D24A00FE62FA /* Assets.xcassets in Resources */,
				317689CA1C54D24A00FE62FA /* Main.storyboard in Resources */,
			);
			runOnlyForDeploymentPostprocessing = 0;
		};
		317689D61C54D24A00FE62FA /* Resources */ = {
			isa = PBXResourcesBuildPhase;
			buildActionMask = 2147483647;
			files = (
			);
			runOnlyForDeploymentPostprocessing = 0;
		};
		317689E11C54D24A00FE62FA /* Resources */ = {
			isa = PBXResourcesBuildPhase;
			buildActionMask = 2147483647;
			files = (
			);
			runOnlyForDeploymentPostprocessing = 0;
		};
/* End PBXResourcesBuildPhase section */

/* Begin PBXSourcesBuildPhase section */
		317689BD1C54D24A00FE62FA /* Sources */ = {
			isa = PBXSourcesBuildPhase;
			buildActionMask = 2147483647;
			files = (
				317689C71C54D24A00FE62FA /* ViewController.swift in Sources */,
				317689C51C54D24A00FE62FA /* AppDelegate.swift in Sources */,
				317689CD1C54D24A00FE62FA /* tableview.xcdatamodeld in Sources */,
			);
			runOnlyForDeploymentPostprocessing = 0;
		};
		317689D41C54D24A00FE62FA /* Sources */ = {
			isa = PBXSourcesBuildPhase;
			buildActionMask = 2147483647;
			files = (
				317689DD1C54D24A00FE62FA /* tableviewTests.swift in Sources */,
			);
			runOnlyForDeploymentPostprocessing = 0;
		};
		317689DF1C54D24A00FE62FA /* Sources */ = {
			isa = PBXSourcesBuildPhase;
			buildActionMask = 2147483647;
			files = (
				317689E81C54D24A00FE62FA /* tableviewUITests.swift in Sources */,
			);
			runOnlyForDeploymentPostprocessing = 0;
		};
/* End PBXSourcesBuildPhase section */

/* Begin PBXTargetDependency section */
		317689DA1C54D24A00FE62FA /* PBXTargetDependency */ = {
			isa = PBXTargetDependency;
			target = 317689C01C54D24A00FE62FA /* tableview */;
			targetProxy = 317689D91C54D24A00FE62FA /* PBXContainerItemProxy */;
		};
		317689E51C54D24A00FE62FA /* PBXTargetDependency */ = {
			isa = PBXTargetDependency;
			target = 317689C01C54D24A00FE62FA /* tableview */;
			targetProxy = 317689E41C54D24A00FE62FA /* PBXContainerItemProxy */;
		};
/* End PBXTargetDependency section */

/* Begin PBXVariantGroup section */
		317689C81C54D24A00FE62FA /* Main.storyboard */ = {
			isa = PBXVariantGroup;
			children = (
				317689C91C54D24A00FE62FA /* Base */,
			);
			name = Main.storyboard;
			sourceTree = "<group>";
		};
		317689D01C54D24A00FE62FA /* LaunchScreen.storyboard */ = {
			isa = PBXVariantGroup;
			children = (
				317689D11C54D24A00FE62FA /* Base */,
			);
			name = LaunchScreen.storyboard;
			sourceTree = "<group>";
		};
/* End PBXVariantGroup section */

/* Begin XCBuildConfiguration section */
		317689EA1C54D24A00FE62FA /* Debug */ = {
			isa = XCBuildConfiguration;
			buildSettings = {
				ALWAYS_SEARCH_USER_PATHS = NO;
				CLANG_CXX_LANGUAGE_STANDARD = "gnu++0x";
				CLANG_CXX_LIBRARY = "libc++";
				CLANG_ENABLE_MODULES = YES;
				CLANG_ENABLE_OBJC_ARC = YES;
				CLANG_WARN_BOOL_CONVERSION = YES;
				CLANG_WARN_CONSTANT_CONVERSION = YES;
				CLANG_WARN_DIRECT_OBJC_ISA_USAGE = YES_ERROR;
				CLANG_WARN_EMPTY_BODY = YES;
				CLANG_WARN_ENUM_CONVERSION = YES;
				CLANG_WARN_INT_CONVERSION = YES;
				CLANG_WARN_OBJC_ROOT_CLASS = YES_ERROR;
				CLANG_WARN_UNREACHABLE_CODE = YES;
				CLANG_WARN__DUPLICATE_METHOD_MATCH = YES;
				"CODE_SIGN_IDENTITY[sdk=iphoneos*]" = "iPhone Developer";
				COPY_PHASE_STRIP = NO;
				DEBUG_INFORMATION_FORMAT = dwarf;
				ENABLE_STRICT_OBJC_MSGSEND = YES;
				ENABLE_TESTABILITY = YES;
				GCC_C_LANGUAGE_STANDARD = gnu99;
				GCC_DYNAMIC_NO_PIC = NO;
				GCC_NO_COMMON_BLOCKS = YES;
				GCC_OPTIMIZATION_LEVEL = 0;
				GCC_PREPROCESSOR_DEFINITIONS = (
					"DEBUG=1",
					"$(inherited)",
				);
				GCC_WARN_64_TO_32_BIT_CONVERSION = YES;
				GCC_WARN_ABOUT_RETURN_TYPE = YES_ERROR;
				GCC_WARN_UNDECLARED_SELECTOR = YES;
				GCC_WARN_UNINITIALIZED_AUTOS = YES_AGGRESSIVE;
				GCC_WARN_UNUSED_FUNCTION = YES;
				GCC_WARN_UNUSED_VARIABLE = YES;
				IPHONEOS_DEPLOYMENT_TARGET = 9.2;
				MTL_ENABLE_DEBUG_INFO = YES;
				ONLY_ACTIVE_ARCH = YES;
				SDKROOT = iphoneos;
				SWIFT_OPTIMIZATION_LEVEL = "-Onone";
			};
			name = Debug;
		};
		317689EB1C54D24A00FE62FA /* Release */ = {
			isa = XCBuildConfiguration;
			buildSettings = {
				ALWAYS_SEARCH_USER_PATHS = NO;
				CLANG_CXX_LANGUAGE_STANDARD = "gnu++0x";
				CLANG_CXX_LIBRARY = "libc++";
				CLANG_ENABLE_MODULES = YES;
				CLANG_ENABLE_OBJC_ARC = YES;
				CLANG_WARN_BOOL_CONVERSION = YES;
				CLANG_WARN_CONSTANT_CONVERSION = YES;
				CLANG_WARN_DIRECT_OBJC_ISA_USAGE = YES_ERROR;
				CLANG_WARN_EMPTY_BODY = YES;
				CLANG_WARN_ENUM_CONVERSION = YES;
				CLANG_WARN_INT_CONVERSION = YES;
				CLANG_WARN_OBJC_ROOT_CLASS = YES_ERROR;
				CLANG_WARN_UNREACHABLE_CODE = YES;
				CLANG_WARN__DUPLICATE_METHOD_MATCH = YES;
				"CODE_SIGN_IDENTITY[sdk=iphoneos*]" = "iPhone Developer";
				COPY_PHASE_STRIP = NO;
				DEBUG_INFORMATION_FORMAT = "dwarf-with-dsym";
				ENABLE_NS_ASSERTIONS = NO;
				ENABLE_STRICT_OBJC_MSGSEND = YES;
				GCC_C_LANGUAGE_STANDARD = gnu99;
				GCC_NO_COMMON_BLOCKS = YES;
				GCC_WARN_64_TO_32_BIT_CONVERSION = YES;
				GCC_WARN_ABOUT_RETURN_TYPE = YES_ERROR;
				GCC_WARN_UNDECLARED_SELECTOR = YES;
				GCC_WARN_UNINITIALIZED_AUTOS = YES_AGGRESSIVE;
				GCC_WARN_UNUSED_FUNCTION = YES;
				GCC_WARN_UNUSED_VARIABLE = YES;
				IPHONEOS_DEPLOYMENT_TARGET = 9.2;
				MTL_ENABLE_DEBUG_INFO = NO;
				SDKROOT = iphoneos;
				VALIDATE_PRODUCT = YES;
			};
			name = Release;
		};
		317689ED1C54D24A00FE62FA /* Debug */ = {
			isa = XCBuildConfiguration;
			buildSettings = {
				ASSETCATALOG_COMPILER_APPICON_NAME = AppIcon;
				INFOPLIST_FILE = tableview/Info.plist;
				LD_RUNPATH_SEARCH_PATHS = "$(inherited) @executable_path/Frameworks";
				PRODUCT_BUNDLE_IDENTIFIER = com.unit24.tableview;
				PRODUCT_NAME = "$(TARGET_NAME)";
			};
			name = Debug;
		};
		317689EE1C54D24A00FE62FA /* Release */ = {
			isa = XCBuildConfiguration;
			buildSettings = {
				ASSETCATALOG_COMPILER_APPICON_NAME = AppIcon;
				INFOPLIST_FILE = tableview/Info.plist;
				LD_RUNPATH_SEARCH_PATHS = "$(inherited) @executable_path/Frameworks";
				PRODUCT_BUNDLE_IDENTIFIER = com.unit24.tableview;
				PRODUCT_NAME = "$(TARGET_NAME)";
			};
			name = Release;
		};
		317689F01C54D24A00FE62FA /* Debug */ = {
			isa = XCBuildConfiguration;
			buildSettings = {
				BUNDLE_LOADER = "$(TEST_HOST)";
				INFOPLIST_FILE = tableviewTests/Info.plist;
				LD_RUNPATH_SEARCH_PATHS = "$(inherited) @executable_path/Frameworks @loader_path/Frameworks";
				PRODUCT_BUNDLE_IDENTIFIER = com.unit24.tableviewTests;
				PRODUCT_NAME = "$(TARGET_NAME)";
				TEST_HOST = "$(BUILT_PRODUCTS_DIR)/tableview.app/tableview";
			};
			name = Debug;
		};
		317689F11C54D24A00FE62FA /* Release */ = {
			isa = XCBuildConfiguration;
			buildSettings = {
				BUNDLE_LOADER = "$(TEST_HOST)";
				INFOPLIST_FILE = tableviewTests/Info.plist;
				LD_RUNPATH_SEARCH_PATHS = "$(inherited) @executable_path/Frameworks @loader_path/Frameworks";
				PRODUCT_BUNDLE_IDENTIFIER = com.unit24.tableviewTests;
				PRODUCT_NAME = "$(TARGET_NAME)";
				TEST_HOST = "$(BUILT_PRODUCTS_DIR)/tableview.app/tableview";
			};
			name = Release;
		};
		317689F31C54D24A00FE62FA /* Debug */ = {
			isa = XCBuildConfiguration;
			buildSettings = {
				INFOPLIST_FILE = tableviewUITests/Info.plist;
				LD_RUNPATH_SEARCH_PATHS = "$(inherited) @executable_path/Frameworks @loader_path/Frameworks";
				PRODUCT_BUNDLE_IDENTIFIER = com.unit24.tableviewUITests;
				PRODUCT_NAME = "$(TARGET_NAME)";
				TEST_TARGET_NAME = tableview;
				USES_XCTRUNNER = YES;
			};
			name = Debug;
		};
		317689F41C54D24A00FE62FA /* Release */ = {
			isa = XCBuildConfiguration;
			buildSettings = {
				INFOPLIST_FILE = tableviewUITests/Info.plist;
				LD_RUNPATH_SEARCH_PATHS = "$(inherited) @executable_path/Frameworks @loader_path/Frameworks";
				PRODUCT_BUNDLE_IDENTIFIER = com.unit24.tableviewUITests;
				PRODUCT_NAME = "$(TARGET_NAME)";
				TEST_TARGET_NAME = tableview;
				USES_XCTRUNNER = YES;
			};
			name = Release;
		};
/* End XCBuildConfiguration section */

/* Begin XCConfigurationList section */
		317689BC1C54D24A00FE62FA /* Build configuration list for PBXProject "tableview" */ = {
			isa = XCConfigurationList;
			buildConfigurations = (
				317689EA1C54D24A00FE62FA /* Debug */,
				317689EB1C54D24A00FE62FA /* Release */,
			);
			defaultConfigurationIsVisible = 0;
			defaultConfigurationName = Release;
		};
		317689EC1C54D24A00FE62FA /* Build configuration list for PBXNativeTarget "tableview" */ = {
			isa = XCConfigurationList;
			buildConfigurations = (
				317689ED1C54D24A00FE62FA /* Debug */,
				317689EE1C54D24A00FE62FA /* Release */,
			);
			defaultConfigurationIsVisible = 0;
		};
		317689EF1C54D24A00FE62FA /* Build configuration list for PBXNativeTarget "tableviewTests" */ = {
			isa = XCConfigurationList;
			buildConfigurations = (
				317689F01C54D24A00FE62FA /* Debug */,
				317689F11C54D24A00FE62FA /* Release */,
			);
			defaultConfigurationIsVisible = 0;
		};
		317689F21C54D24A00FE62FA /* Build configuration list for PBXNativeTarget "tableviewUITests" */ = {
			isa = XCConfigurationList;
			buildConfigurations = (
				317689F31C54D24A00FE62FA /* Debug */,
				317689F41C54D24A00FE62FA /* Release */,
			);
			defaultConfigurationIsVisible = 0;
		};
/* End XCConfigurationList section */

/* Begin XCVersionGroup section */
		317689CB1C54D24A00FE62FA /* tableview.xcdatamodeld */ = {
			isa = XCVersionGroup;
			children = (
				317689CC1C54D24A00FE62FA /* tableview.xcdatamodel */,
			);
			currentVersion = 317689CC1C54D24A00FE62FA /* tableview.xcdatamodel */;
			path = tableview.xcdatamodeld;
			sourceTree = "<group>";
			versionGroupType = wrapper.xcdatamodel;
		};
/* End XCVersionGroup section */
	};
	rootObject = 317689B91C54D24A00FE62FA /* Project object */;
}
